
Microsoft Visual Studio Solution File, Format Version 12.00
# Visual Studio 2013
VisualStudioVersion = 12.0.21005.1
MinimumVisualStudioVersion = 10.0.40219.1
Project("{FAE04EC0-301F-11D3-BF4B-00C04F79EFBC}") = "BrodCastClient", "BrodCast\BrodCastClient.csproj", "{E5FD8853-01F6-4626-A824-1522344D9508}"
EndProject
Project("{FAE04EC0-301F-11D3-BF4B-00C04F79EFBC}") = "listenerUdpServer", "listenerUdp\listenerUdpServer.csproj", "{95FE0E81-FD49-4FCF-8970-9E16889F5A6E}"
EndProject
Global
	GlobalSection(SolutionConfigurationPlatforms) = preSolution
		Debug|Any CPU = Debug|Any CPU
		Release|Any CPU = Release|Any CPU
	EndGlobalSection
	GlobalSection(ProjectConfigurationPlatforms) = postSolution
		{E5FD8853-01F6-4626-A824-1522344D9508}.Debug|Any CPU.ActiveCfg = Debug|Any CPU
		{E5FD8853-01F6-4626-A824-1522344D9508}.Debug|Any CPU.Build.0 = Debug|Any CPU
		{E5FD8853-01F6-4626-A824-1522344D9508}.Release|Any CPU.ActiveCfg = Release|Any CPU
		{E5FD8853-01F6-4626-A824-1522344D9508}.Release|Any CPU.Build.0 = Release|Any CPU
		{95FE0E81-FD49-4FCF-8970-9E16889F5A6E}.Debug|Any CPU.ActiveCfg = Debug|Any CPU
		{95FE0E81-FD49-4FCF-8970-9E16889F5A6E}.Debug|Any CPU.Build.0 = Debug|Any CPU
		{95FE0E81-FD49-4FCF-8970-9E16889F5A6E}.Release|Any CPU.ActiveCfg = Release|Any CPU
		{95FE0E81-FD49-4FCF-8970-9E16889F5A6E}.Release|Any CPU.Build.0 = Release|Any CPU
	EndGlobalSection
	GlobalSection(SolutionProperties) = preSolution
		HideSolutionNode = FALSE
	EndGlobalSection
EndGlobal
